// !$*UTF8*$!
{
	archiveVersion = 1;
	classes = {
	};
	objectVersion = 50;
	objects = {

/* Begin PBXBuildFile section */
		738E905E38C8D96B8F9BE6CA /* Pods_Todoey.framework in Frameworks */ = {isa = PBXBuildFile; fileRef = BE0145411D55BE641038D68A /* Pods_Todoey.framework */; };
		C47C96502160B0EF00D02879 /* AppDelegate.swift in Sources */ = {isa = PBXBuildFile; fileRef = C47C964F2160B0EF00D02879 /* AppDelegate.swift */; };
		C47C96552160B0EF00D02879 /* Main.storyboard in Resources */ = {isa = PBXBuildFile; fileRef = C47C96532160B0EF00D02879 /* Main.storyboard */; };
		C47C96572160B0F000D02879 /* Assets.xcassets in Resources */ = {isa = PBXBuildFile; fileRef = C47C96562160B0F000D02879 /* Assets.xcassets */; };
		C47C965A2160B0F000D02879 /* LaunchScreen.storyboard in Resources */ = {isa = PBXBuildFile; fileRef = C47C96582160B0F000D02879 /* LaunchScreen.storyboard */; };
		C47C96642160B26900D02879 /* TodoListViewController.swift in Sources */ = {isa = PBXBuildFile; fileRef = C47C96632160B26900D02879 /* TodoListViewController.swift */; };
		C47C9690216B3C3F00D02879 /* CategoryViewController.swift in Sources */ = {isa = PBXBuildFile; fileRef = C47C968F216B3C3F00D02879 /* CategoryViewController.swift */; };
		C47C9692216B5C4600D02879 /* Item.swift in Sources */ = {isa = PBXBuildFile; fileRef = C47C9691216B5C4600D02879 /* Item.swift */; };
		C47C9694216B5C6800D02879 /* Category.swift in Sources */ = {isa = PBXBuildFile; fileRef = C47C9693216B5C6800D02879 /* Category.swift */; };
		C49F8BF92176F0B60051336D /* SwipeTableViewController.swift in Sources */ = {isa = PBXBuildFile; fileRef = C49F8BF82176F0B60051336D /* SwipeTableViewController.swift */; };
/* End PBXBuildFile section */

/* Begin PBXFileReference section */
		4C99335CD89D4542344C762B /* Pods-Todoey.release.xcconfig */ = {isa = PBXFileReference; includeInIndex = 1; lastKnownFileType = text.xcconfig; name = "Pods-Todoey.release.xcconfig"; path = "Pods/Target Support Files/Pods-Todoey/Pods-Todoey.release.xcconfig"; sourceTree = "<group>"; };
		BD8F4F9DDD34CA00807EAD26 /* Pods-Todoey.debug.xcconfig */ = {isa = PBXFileReference; includeInIndex = 1; lastKnownFileType = text.xcconfig; name = "Pods-Todoey.debug.xcconfig"; path = "Pods/Target Support Files/Pods-Todoey/Pods-Todoey.debug.xcconfig"; sourceTree = "<group>"; };
		BE0145411D55BE641038D68A /* Pods_Todoey.framework */ = {isa = PBXFileReference; explicitFileType = wrapper.framework; includeInIndex = 0; path = Pods_Todoey.framework; sourceTree = BUILT_PRODUCTS_DIR; };
		C47C964C2160B0EF00D02879 /* Todoey.app */ = {isa = PBXFileReference; explicitFileType = wrapper.application; includeInIndex = 0; path = Todoey.app; sourceTree = BUILT_PRODUCTS_DIR; };
		C47C964F2160B0EF00D02879 /* AppDelegate.swift */ = {isa = PBXFileReference; lastKnownFileType = sourcecode.swift; path = AppDelegate.swift; sourceTree = "<group>"; };
		C47C96542160B0EF00D02879 /* Base */ = {isa = PBXFileReference; lastKnownFileType = file.storyboard; name = Base; path = Base.lproj/Main.storyboard; sourceTree = "<group>"; };
		C47C96562160B0F000D02879 /* Assets.xcassets */ = {isa = PBXFileReference; lastKnownFileType = folder.assetcatalog; path = Assets.xcassets; sourceTree = "<group>"; };
		C47C96592160B0F000D02879 /* Base */ = {isa = PBXFileReference; lastKnownFileType = file.storyboard; name = Base; path = Base.lproj/LaunchScreen.storyboard; sourceTree = "<group>"; };
		C47C965B2160B0F000D02879 /* Info.plist */ = {isa = PBXFileReference; lastKnownFileType = text.plist.xml; path = Info.plist; sourceTree = "<group>"; };
		C47C96632160B26900D02879 /* TodoListViewController.swift */ = {isa = PBXFileReference; lastKnownFileType = sourcecode.swift; path = TodoListViewController.swift; sourceTree = "<group>"; };
		C47C968F216B3C3F00D02879 /* CategoryViewController.swift */ = {isa = PBXFileReference; lastKnownFileType = sourcecode.swift; path = CategoryViewController.swift; sourceTree = "<group>"; };
		C47C9691216B5C4600D02879 /* Item.swift */ = {isa = PBXFileReference; lastKnownFileType = sourcecode.swift; path = Item.swift; sourceTree = "<group>"; };
		C47C9693216B5C6800D02879 /* Category.swift */ = {isa = PBXFileReference; lastKnownFileType = sourcecode.swift; path = Category.swift; sourceTree = "<group>"; };
		C49F8BF82176F0B60051336D /* SwipeTableViewController.swift */ = {isa = PBXFileReference; lastKnownFileType = sourcecode.swift; path = SwipeTableViewController.swift; sourceTree = "<group>"; };
/* End PBXFileReference section */

/* Begin PBXFrameworksBuildPhase section */
		C47C96492160B0EF00D02879 /* Frameworks */ = {
			isa = PBXFrameworksBuildPhase;
			buildActionMask = 2147483647;
			files = (
				738E905E38C8D96B8F9BE6CA /* Pods_Todoey.framework in Frameworks */,
			);
			runOnlyForDeploymentPostprocessing = 0;
		};
/* End PBXFrameworksBuildPhase section */

/* Begin PBXGroup section */
		08EF6F521515C5A3F10EE78B /* Pods */ = {
			isa = PBXGroup;
			children = (
				BD8F4F9DDD34CA00807EAD26 /* Pods-Todoey.debug.xcconfig */,
				4C99335CD89D4542344C762B /* Pods-Todoey.release.xcconfig */,
			);
			name = Pods;
			sourceTree = "<group>";
		};
		C47C96432160B0EF00D02879 = {
			isa = PBXGroup;
			children = (
				C47C964E2160B0EF00D02879 /* Todoey */,
				C47C964D2160B0EF00D02879 /* Products */,
				08EF6F521515C5A3F10EE78B /* Pods */,
				C91BD2D6807204A647223E8F /* Frameworks */,
			);
			sourceTree = "<group>";
		};
		C47C964D2160B0EF00D02879 /* Products */ = {
			isa = PBXGroup;
			children = (
				C47C964C2160B0EF00D02879 /* Todoey.app */,
			);
			name = Products;
			sourceTree = "<group>";
		};
		C47C964E2160B0EF00D02879 /* Todoey */ = {
			isa = PBXGroup;
			children = (
				C47C964F2160B0EF00D02879 /* AppDelegate.swift */,
				C47C96692163375600D02879 /* Views */,
				C47C96562160B0F000D02879 /* Assets.xcassets */,
				C47C96582160B0F000D02879 /* LaunchScreen.storyboard */,
				C47C96682163374400D02879 /* Controllers */,
				C47C9667216336CF00D02879 /* Data Model */,
				C47C966A2163377100D02879 /* SupportingFiles */,
			);
			path = Todoey;
			sourceTree = "<group>";
		};
		C47C9667216336CF00D02879 /* Data Model */ = {
			isa = PBXGroup;
			children = (
				C47C9691216B5C4600D02879 /* Item.swift */,
				C47C9693216B5C6800D02879 /* Category.swift */,
			);
			path = "Data Model";
			sourceTree = "<group>";
		};
		C47C96682163374400D02879 /* Controllers */ = {
			isa = PBXGroup;
			children = (
				C47C968F216B3C3F00D02879 /* CategoryViewController.swift */,
				C47C96632160B26900D02879 /* TodoListViewController.swift */,
				C49F8BF82176F0B60051336D /* SwipeTableViewController.swift */,
			);
			path = Controllers;
			sourceTree = "<group>";
		};
		C47C96692163375600D02879 /* Views */ = {
			isa = PBXGroup;
			children = (
				C47C96532160B0EF00D02879 /* Main.storyboard */,
			);
			path = Views;
			sourceTree = "<group>";
		};
		C47C966A2163377100D02879 /* SupportingFiles */ = {
			isa = PBXGroup;
			children = (
				C47C965B2160B0F000D02879 /* Info.plist */,
			);
			path = SupportingFiles;
			sourceTree = "<group>";
		};
		C91BD2D6807204A647223E8F /* Frameworks */ = {
			isa = PBXGroup;
			children = (
				BE0145411D55BE641038D68A /* Pods_Todoey.framework */,
			);
			name = Frameworks;
			sourceTree = "<group>";
		};
/* End PBXGroup section */

/* Begin PBXNativeTarget section */
		C47C964B2160B0EF00D02879 /* Todoey */ = {
			isa = PBXNativeTarget;
			buildConfigurationList = C47C965E2160B0F000D02879 /* Build configuration list for PBXNativeTarget "Todoey" */;
			buildPhases = (
				1D8C1FF2C20BA0A213E7B92F /* [CP] Check Pods Manifest.lock */,
				C47C96482160B0EF00D02879 /* Sources */,
				C47C96492160B0EF00D02879 /* Frameworks */,
				C47C964A2160B0EF00D02879 /* Resources */,
				6FD6785FB6D7BB36683D525B /* [CP] Embed Pods Frameworks */,
			);
			buildRules = (
			);
			dependencies = (
			);
			name = Todoey;
			productName = Todoey;
			productReference = C47C964C2160B0EF00D02879 /* Todoey.app */;
			productType = "com.apple.product-type.application";
		};
/* End PBXNativeTarget section */

/* Begin PBXProject section */
		C47C96442160B0EF00D02879 /* Project object */ = {
			isa = PBXProject;
			attributes = {
				LastSwiftUpdateCheck = 1000;
				LastUpgradeCheck = 1000;
				ORGANIZATIONNAME = AppTweaker;
				TargetAttributes = {
					C47C964B2160B0EF00D02879 = {
						CreatedOnToolsVersion = 10.0;
					};
				};
			};
			buildConfigurationList = C47C96472160B0EF00D02879 /* Build configuration list for PBXProject "Todoey" */;
			compatibilityVersion = "Xcode 9.3";
			developmentRegion = en;
			hasScannedForEncodings = 0;
			knownRegions = (
				en,
				Base,
			);
			mainGroup = C47C96432160B0EF00D02879;
			productRefGroup = C47C964D2160B0EF00D02879 /* Products */;
			projectDirPath = "";
			projectRoot = "";
			targets = (
				C47C964B2160B0EF00D02879 /* Todoey */,
			);
		};
/* End PBXProject section */

/* Begin PBXResourcesBuildPhase section */
		C47C964A2160B0EF00D02879 /* Resources */ = {
			isa = PBXResourcesBuildPhase;
			buildActionMask = 2147483647;
			files = (
				C47C965A2160B0F000D02879 /* LaunchScreen.storyboard in Resources */,
				C47C96572160B0F000D02879 /* Assets.xcassets in Resources */,
				C47C96552160B0EF00D02879 /* Main.storyboard in Resources */,
			);
			runOnlyForDeploymentPostprocessing = 0;
		};
/* End PBXResourcesBuildPhase section */

/* Begin PBXShellScriptBuildPhase section */
		1D8C1FF2C20BA0A213E7B92F /* [CP] Check Pods Manifest.lock */ = {
			isa = PBXShellScriptBuildPhase;
			buildActionMask = 2147483647;
			files = (
			);
			inputFileListPaths = (
			);
			inputPaths = (
				"${PODS_PODFILE_DIR_PATH}/Podfile.lock",
				"${PODS_ROOT}/Manifest.lock",
			);
			name = "[CP] Check Pods Manifest.lock";
			outputFileListPaths = (
			);
			outputPaths = (
				"$(DERIVED_FILE_DIR)/Pods-Todoey-checkManifestLockResult.txt",
			);
			runOnlyForDeploymentPostprocessing = 0;
			shellPath = /bin/sh;
			shellScript = "diff \"${PODS_PODFILE_DIR_PATH}/Podfile.lock\" \"${PODS_ROOT}/Manifest.lock\" > /dev/null\nif [ $? != 0 ] ; then\n    # print error to STDERR\n    echo \"error: The sandbox is not in sync with the Podfile.lock. Run 'pod install' or update your CocoaPods installation.\" >&2\n    exit 1\nfi\n# This output is used by Xcode 'outputs' to avoid re-running this script phase.\necho \"SUCCESS\" > \"${SCRIPT_OUTPUT_FILE_0}\"\n";
			showEnvVarsInLog = 0;
		};
		6FD6785FB6D7BB36683D525B /* [CP] Embed Pods Frameworks */ = {
			isa = PBXShellScriptBuildPhase;
			buildActionMask = 2147483647;
			files = (
			);
			inputFileListPaths = (
			);
			inputPaths = (
				"${SRCROOT}/Pods/Target Support Files/Pods-Todoey/Pods-Todoey-frameworks.sh",
				"${BUILT_PRODUCTS_DIR}/Realm/Realm.framework",
				"${BUILT_PRODUCTS_DIR}/RealmSwift/RealmSwift.framework",
				"${BUILT_PRODUCTS_DIR}/SwipeCellKit/SwipeCellKit.framework",
			);
			name = "[CP] Embed Pods Frameworks";
			outputFileListPaths = (
			);
			outputPaths = (
				"${TARGET_BUILD_DIR}/${FRAMEWORKS_FOLDER_PATH}/Realm.framework",
				"${TARGET_BUILD_DIR}/${FRAMEWORKS_FOLDER_PATH}/RealmSwift.framework",
				"${TARGET_BUILD_DIR}/${FRAMEWORKS_FOLDER_PATH}/SwipeCellKit.framework",
			);
			runOnlyForDeploymentPostprocessing = 0;
			shellPath = /bin/sh;
			shellScript = "\"${SRCROOT}/Pods/Target Support Files/Pods-Todoey/Pods-Todoey-frameworks.sh\"\n";
			showEnvVarsInLog = 0;
		};
/* End PBXShellScriptBuildPhase section */

/* Begin PBXSourcesBuildPhase section */
		C47C96482160B0EF00D02879 /* Sources */ = {
			isa = PBXSourcesBuildPhase;
			buildActionMask = 2147483647;
			files = (
				C47C9692216B5C4600D02879 /* Item.swift in Sources */,
				C47C9694216B5C6800D02879 /* Category.swift in Sources */,
				C47C9690216B3C3F00D02879 /* CategoryViewController.swift in Sources */,
				C47C96642160B26900D02879 /* TodoListViewController.swift in Sources */,
				C49F8BF92176F0B60051336D /* SwipeTableViewController.swift in Sources */,
				C47C96502160B0EF00D02879 /* AppDelegate.swift in Sources */,
			);
			runOnlyForDeploymentPostprocessing = 0;
		};
/* End PBXSourcesBuildPhase section */

/* Begin PBXVariantGroup section */
		C47C96532160B0EF00D02879 /* Main.storyboard */ = {
			isa = PBXVariantGroup;
			children = (
				C47C96542160B0EF00D02879 /* Base */,
			);
			name = Main.storyboard;
			sourceTree = "<group>";
		};
		C47C96582160B0F000D02879 /* LaunchScreen.storyboard */ = {
			isa = PBXVariantGroup;
			children = (
				C47C96592160B0F000D02879 /* Base */,
			);
			name = LaunchScreen.storyboard;
			sourceTree = "<group>";
		};
/* End PBXVariantGroup section */

/* Begin XCBuildConfiguration section */
		C47C965C2160B0F000D02879 /* Debug */ = {
			isa = XCBuildConfiguration;
			buildSettings = {
				ALWAYS_SEARCH_USER_PATHS = NO;
				CLANG_ANALYZER_NONNULL = YES;
				CLANG_ANALYZER_NUMBER_OBJECT_CONVERSION = YES_AGGRESSIVE;
				CLANG_CXX_LANGUAGE_STANDARD = "gnu++14";
				CLANG_CXX_LIBRARY = "libc++";
				CLANG_ENABLE_MODULES = YES;
				CLANG_ENABLE_OBJC_ARC = YES;
				CLANG_ENABLE_OBJC_WEAK = YES;
				CLANG_WARN_BLOCK_CAPTURE_AUTORELEASING = YES;
				CLANG_WARN_BOOL_CONVERSION = YES;
				CLANG_WARN_COMMA = YES;
				CLANG_WARN_CONSTANT_CONVERSION = YES;
				CLANG_WARN_DEPRECATED_OBJC_IMPLEMENTATIONS = YES;
				CLANG_WARN_DIRECT_OBJC_ISA_USAGE = YES_ERROR;
				CLANG_WARN_DOCUMENTATION_COMMENTS = YES;
				CLANG_WARN_EMPTY_BODY = YES;
				CLANG_WARN_ENUM_CONVERSION = YES;
				CLANG_WARN_INFINITE_RECURSION = YES;
				CLANG_WARN_INT_CONVERSION = YES;
				CLANG_WARN_NON_LITERAL_NULL_CONVERSION = YES;
				CLANG_WARN_OBJC_IMPLICIT_RETAIN_SELF = YES;
				CLANG_WARN_OBJC_LITERAL_CONVERSION = YES;
				CLANG_WARN_OBJC_ROOT_CLASS = YES_ERROR;
				CLANG_WARN_RANGE_LOOP_ANALYSIS = YES;
				CLANG_WARN_STRICT_PROTOTYPES = YES;
				CLANG_WARN_SUSPICIOUS_MOVE = YES;
				CLANG_WARN_UNGUARDED_AVAILABILITY = YES_AGGRESSIVE;
				CLANG_WARN_UNREACHABLE_CODE = YES;
				CLANG_WARN__DUPLICATE_METHOD_MATCH = YES;
				CODE_SIGN_IDENTITY = "iPhone Developer";
				COPY_PHASE_STRIP = NO;
				DEBUG_INFORMATION_FORMAT = dwarf;
				ENABLE_STRICT_OBJC_MSGSEND = YES;
				ENABLE_TESTABILITY = YES;
				GCC_C_LANGUAGE_STANDARD = gnu11;
				GCC_DYNAMIC_NO_PIC = NO;
				GCC_NO_COMMON_BLOCKS = YES;
				GCC_OPTIMIZATION_LEVEL = 0;
				GCC_PREPROCESSOR_DEFINITIONS = (
					"DEBUG=1",
					"$(inherited)",
				);
				GCC_WARN_64_TO_32_BIT_CONVERSION = YES;
				GCC_WARN_ABOUT_RETURN_TYPE = YES_ERROR;
				GCC_WARN_UNDECLARED_SELECTOR = YES;
				GCC_WARN_UNINITIALIZED_AUTOS = YES_AGGRESSIVE;
				GCC_WARN_UNUSED_FUNCTION = YES;
				GCC_WARN_UNUSED_VARIABLE = YES;
				IPHONEOS_DEPLOYMENT_TARGET = 12.0;
				MTL_ENABLE_DEBUG_INFO = INCLUDE_SOURCE;
				MTL_FAST_MATH = YES;
				ONLY_ACTIVE_ARCH = YES;
				SDKROOT = iphoneos;
				SWIFT_ACTIVE_COMPILATION_CONDITIONS = DEBUG;
				SWIFT_OPTIMIZATION_LEVEL = "-Onone";
			};
			name = Debug;
		};
		C47C965D2160B0F000D02879 /* Release */ = {
			isa = XCBuildConfiguration;
			buildSettings = {
				ALWAYS_SEARCH_USER_PATHS = NO;
				CLANG_ANALYZER_NONNULL = YES;
				CLANG_ANALYZER_NUMBER_OBJECT_CONVERSION = YES_AGGRESSIVE;
				CLANG_CXX_LANGUAGE_STANDARD = "gnu++14";
				CLANG_CXX_LIBRARY = "libc++";
				CLANG_ENABLE_MODULES = YES;
				CLANG_ENABLE_OBJC_ARC = YES;
				CLANG_ENABLE_OBJC_WEAK = YES;
				CLANG_WARN_BLOCK_CAPTURE_AUTORELEASING = YES;
				CLANG_WARN_BOOL_CONVERSION = YES;
				CLANG_WARN_COMMA = YES;
				CLANG_WARN_CONSTANT_CONVERSION = YES;
				CLANG_WARN_DEPRECATED_OBJC_IMPLEMENTATIONS = YES;
				CLANG_WARN_DIRECT_OBJC_ISA_USAGE = YES_ERROR;
				CLANG_WARN_DOCUMENTATION_COMMENTS = YES;
				CLANG_WARN_EMPTY_BODY = YES;
				CLANG_WARN_ENUM_CONVERSION = YES;
				CLANG_WARN_INFINITE_RECURSION = YES;
				CLANG_WARN_INT_CONVERSION = YES;
				CLANG_WARN_NON_LITERAL_NULL_CONVERSION = YES;
				CLANG_WARN_OBJC_IMPLICIT_RETAIN_SELF = YES;
				CLANG_WARN_OBJC_LITERAL_CONVERSION = YES;
				CLANG_WARN_OBJC_ROOT_CLASS = YES_ERROR;
				CLANG_WARN_RANGE_LOOP_ANALYSIS = YES;
				CLANG_WARN_STRICT_PROTOTYPES = YES;
				CLANG_WARN_SUSPICIOUS_MOVE = YES;
				CLANG_WARN_UNGUARDED_AVAILABILITY = YES_AGGRESSIVE;
				CLANG_WARN_UNREACHABLE_CODE = YES;
				CLANG_WARN__DUPLICATE_METHOD_MATCH = YES;
				CODE_SIGN_IDENTITY = "iPhone Developer";
				COPY_PHASE_STRIP = NO;
				DEBUG_INFORMATION_FORMAT = "dwarf-with-dsym";
				ENABLE_NS_ASSERTIONS = NO;
				ENABLE_STRICT_OBJC_MSGSEND = YES;
				GCC_C_LANGUAGE_STANDARD = gnu11;
				GCC_NO_COMMON_BLOCKS = YES;
				GCC_WARN_64_TO_32_BIT_CONVERSION = YES;
				GCC_WARN_ABOUT_RETURN_TYPE = YES_ERROR;
				GCC_WARN_UNDECLARED_SELECTOR = YES;
				GCC_WARN_UNINITIALIZED_AUTOS = YES_AGGRESSIVE;
				GCC_WARN_UNUSED_FUNCTION = YES;
				GCC_WARN_UNUSED_VARIABLE = YES;
				IPHONEOS_DEPLOYMENT_TARGET = 12.0;
				MTL_ENABLE_DEBUG_INFO = NO;
				MTL_FAST_MATH = YES;
				SDKROOT = iphoneos;
				SWIFT_COMPILATION_MODE = wholemodule;
				SWIFT_OPTIMIZATION_LEVEL = "-O";
				VALIDATE_PRODUCT = YES;
			};
			name = Release;
		};
		C47C965F2160B0F000D02879 /* Debug */ = {
			isa = XCBuildConfiguration;
			baseConfigurationReference = BD8F4F9DDD34CA00807EAD26 /* Pods-Todoey.debug.xcconfig */;
			buildSettings = {
				ASSETCATALOG_COMPILER_APPICON_NAME = AppIcon;
				CODE_SIGN_STYLE = Automatic;
				DEVELOPMENT_TEAM = Z93WMUHRK7;
				INFOPLIST_FILE = Todoey/SupportingFiles/Info.plist;
				LD_RUNPATH_SEARCH_PATHS = (
					"$(inherited)",
					"@executable_path/Frameworks",
				);
				PRODUCT_BUNDLE_IDENTIFIER = com.apptweaker.Todoey;
				PRODUCT_NAME = "$(TARGET_NAME)";
				SWIFT_VERSION = 4.2;
				TARGETED_DEVICE_FAMILY = "1,2";
			};
			name = Debug;
		};
		C47C96602160B0F000D02879 /* Release */ = {
			isa = XCBuildConfiguration;
			baseConfigurationReference = 4C99335CD89D4542344C762B /* Pods-Todoey.release.xcconfig */;
			buildSettings = {
				ASSETCATALOG_COMPILER_APPICON_NAME = AppIcon;
				CODE_SIGN_STYLE = Automatic;
				DEVELOPMENT_TEAM = Z93WMUHRK7;
				INFOPLIST_FILE = Todoey/SupportingFiles/Info.plist;
				LD_RUNPATH_SEARCH_PATHS = (
					"$(inherited)",
					"@executable_path/Frameworks",
				);
				PRODUCT_BUNDLE_IDENTIFIER = com.apptweaker.Todoey;
				PRODUCT_NAME = "$(TARGET_NAME)";
				SWIFT_VERSION = 4.2;
				TARGETED_DEVICE_FAMILY = "1,2";
			};
			name = Release;
		};
/* End XCBuildConfiguration section */

/* Begin XCConfigurationList section */
		C47C96472160B0EF00D02879 /* Build configuration list for PBXProject "Todoey" */ = {
			isa = XCConfigurationList;
			buildConfigurations = (
				C47C965C2160B0F000D02879 /* Debug */,
				C47C965D2160B0F000D02879 /* Release */,
			);
			defaultConfigurationIsVisible = 0;
			defaultConfigurationName = Release;
		};
		C47C965E2160B0F000D02879 /* Build configuration list for PBXNativeTarget "Todoey" */ = {
			isa = XCConfigurationList;
			buildConfigurations = (
				C47C965F2160B0F000D02879 /* Debug */,
				C47C96602160B0F000D02879 /* Release */,
			);
			defaultConfigurationIsVisible = 0;
			defaultConfigurationName = Release;
		};
/* End XCConfigurationList section */
	};
	rootObject = C47C96442160B0EF00D02879 /* Project object */;
}
