// !$*UTF8*$!
{
	archiveVersion = 1;
	classes = {
	};
	objectVersion = 50;
	objects = {

/* Begin PBXBuildFile section */
		C44D1F54219AD64B001C7A6F /* AppDelegate.swift in Sources */ = {isa = PBXBuildFile; fileRef = C44D1F53219AD64B001C7A6F /* AppDelegate.swift */; };
		C44D1F56219AD64B001C7A6F /* art.scnassets in Resources */ = {isa = PBXBuildFile; fileRef = C44D1F55219AD64B001C7A6F /* art.scnassets */; };
		C44D1F58219AD64B001C7A6F /* ViewController.swift in Sources */ = {isa = PBXBuildFile; fileRef = C44D1F57219AD64B001C7A6F /* ViewController.swift */; };
		C44D1F5B219AD64B001C7A6F /* Main.storyboard in Resources */ = {isa = PBXBuildFile; fileRef = C44D1F59219AD64B001C7A6F /* Main.storyboard */; };
		C44D1F5D219AD64C001C7A6F /* Assets.xcassets in Resources */ = {isa = PBXBuildFile; fileRef = C44D1F5C219AD64C001C7A6F /* Assets.xcassets */; };
		C44D1F60219AD64C001C7A6F /* LaunchScreen.storyboard in Resources */ = {isa = PBXBuildFile; fileRef = C44D1F5E219AD64C001C7A6F /* LaunchScreen.storyboard */; };
		C44D1F68219C01C0001C7A6F /* harrypotter.mp4 in Resources */ = {isa = PBXBuildFile; fileRef = C44D1F67219C01C0001C7A6F /* harrypotter.mp4 */; };
/* End PBXBuildFile section */

/* Begin PBXFileReference section */
		C44D1F50219AD64B001C7A6F /* AR_MagicPaper.app */ = {isa = PBXFileReference; explicitFileType = wrapper.application; includeInIndex = 0; path = AR_MagicPaper.app; sourceTree = BUILT_PRODUCTS_DIR; };
		C44D1F53219AD64B001C7A6F /* AppDelegate.swift */ = {isa = PBXFileReference; lastKnownFileType = sourcecode.swift; path = AppDelegate.swift; sourceTree = "<group>"; };
		C44D1F55219AD64B001C7A6F /* art.scnassets */ = {isa = PBXFileReference; lastKnownFileType = wrapper.scnassets; path = art.scnassets; sourceTree = "<group>"; };
		C44D1F57219AD64B001C7A6F /* ViewController.swift */ = {isa = PBXFileReference; lastKnownFileType = sourcecode.swift; path = ViewController.swift; sourceTree = "<group>"; };
		C44D1F5A219AD64B001C7A6F /* Base */ = {isa = PBXFileReference; lastKnownFileType = file.storyboard; name = Base; path = Base.lproj/Main.storyboard; sourceTree = "<group>"; };
		C44D1F5C219AD64C001C7A6F /* Assets.xcassets */ = {isa = PBXFileReference; lastKnownFileType = folder.assetcatalog; path = Assets.xcassets; sourceTree = "<group>"; };
		C44D1F5F219AD64C001C7A6F /* Base */ = {isa = PBXFileReference; lastKnownFileType = file.storyboard; name = Base; path = Base.lproj/LaunchScreen.storyboard; sourceTree = "<group>"; };
		C44D1F61219AD64C001C7A6F /* Info.plist */ = {isa = PBXFileReference; lastKnownFileType = text.plist.xml; path = Info.plist; sourceTree = "<group>"; };
		C44D1F67219C01C0001C7A6F /* harrypotter.mp4 */ = {isa = PBXFileReference; lastKnownFileType = file; path = harrypotter.mp4; sourceTree = "<group>"; };
/* End PBXFileReference section */

/* Begin PBXFrameworksBuildPhase section */
		C44D1F4D219AD64B001C7A6F /* Frameworks */ = {
			isa = PBXFrameworksBuildPhase;
			buildActionMask = 2147483647;
			files = (
			);
			runOnlyForDeploymentPostprocessing = 0;
		};
/* End PBXFrameworksBuildPhase section */

/* Begin PBXGroup section */
		C44D1F47219AD64B001C7A6F = {
			isa = PBXGroup;
			children = (
				C44D1F52219AD64B001C7A6F /* AR_MagicPaper */,
				C44D1F51219AD64B001C7A6F /* Products */,
			);
			sourceTree = "<group>";
		};
		C44D1F51219AD64B001C7A6F /* Products */ = {
			isa = PBXGroup;
			children = (
				C44D1F50219AD64B001C7A6F /* AR_MagicPaper.app */,
			);
			name = Products;
			sourceTree = "<group>";
		};
		C44D1F52219AD64B001C7A6F /* AR_MagicPaper */ = {
			isa = PBXGroup;
			children = (
				C44D1F67219C01C0001C7A6F /* harrypotter.mp4 */,
				C44D1F53219AD64B001C7A6F /* AppDelegate.swift */,
				C44D1F55219AD64B001C7A6F /* art.scnassets */,
				C44D1F57219AD64B001C7A6F /* ViewController.swift */,
				C44D1F59219AD64B001C7A6F /* Main.storyboard */,
				C44D1F5C219AD64C001C7A6F /* Assets.xcassets */,
				C44D1F5E219AD64C001C7A6F /* LaunchScreen.storyboard */,
				C44D1F61219AD64C001C7A6F /* Info.plist */,
			);
			path = AR_MagicPaper;
			sourceTree = "<group>";
		};
/* End PBXGroup section */

/* Begin PBXNativeTarget section */
		C44D1F4F219AD64B001C7A6F /* AR_MagicPaper */ = {
			isa = PBXNativeTarget;
			buildConfigurationList = C44D1F64219AD64C001C7A6F /* Build configuration list for PBXNativeTarget "AR_MagicPaper" */;
			buildPhases = (
				C44D1F4C219AD64B001C7A6F /* Sources */,
				C44D1F4D219AD64B001C7A6F /* Frameworks */,
				C44D1F4E219AD64B001C7A6F /* Resources */,
			);
			buildRules = (
			);
			dependencies = (
			);
			name = AR_MagicPaper;
			productName = AR_MagicPaper;
			productReference = C44D1F50219AD64B001C7A6F /* AR_MagicPaper.app */;
			productType = "com.apple.product-type.application";
		};
/* End PBXNativeTarget section */

/* Begin PBXProject section */
		C44D1F48219AD64B001C7A6F /* Project object */ = {
			isa = PBXProject;
			attributes = {
				LastSwiftUpdateCheck = 1010;
				LastUpgradeCheck = 1010;
				ORGANIZATIONNAME = AppTweaker;
				TargetAttributes = {
					C44D1F4F219AD64B001C7A6F = {
						CreatedOnToolsVersion = 10.1;
					};
				};
			};
			buildConfigurationList = C44D1F4B219AD64B001C7A6F /* Build configuration list for PBXProject "AR_MagicPaper" */;
			compatibilityVersion = "Xcode 9.3";
			developmentRegion = en;
			hasScannedForEncodings = 0;
			knownRegions = (
				en,
				Base,
			);
			mainGroup = C44D1F47219AD64B001C7A6F;
			productRefGroup = C44D1F51219AD64B001C7A6F /* Products */;
			projectDirPath = "";
			projectRoot = "";
			targets = (
				C44D1F4F219AD64B001C7A6F /* AR_MagicPaper */,
			);
		};
/* End PBXProject section */

/* Begin PBXResourcesBuildPhase section */
		C44D1F4E219AD64B001C7A6F /* Resources */ = {
			isa = PBXResourcesBuildPhase;
			buildActionMask = 2147483647;
			files = (
				C44D1F56219AD64B001C7A6F /* art.scnassets in Resources */,
				C44D1F60219AD64C001C7A6F /* LaunchScreen.storyboard in Resources */,
				C44D1F68219C01C0001C7A6F /* harrypotter.mp4 in Resources */,
				C44D1F5D219AD64C001C7A6F /* Assets.xcassets in Resources */,
				C44D1F5B219AD64B001C7A6F /* Main.storyboard in Resources */,
			);
			runOnlyForDeploymentPostprocessing = 0;
		};
/* End PBXResourcesBuildPhase section */

/* Begin PBXSourcesBuildPhase section */
		C44D1F4C219AD64B001C7A6F /* Sources */ = {
			isa = PBXSourcesBuildPhase;
			buildActionMask = 2147483647;
			files = (
				C44D1F58219AD64B001C7A6F /* ViewController.swift in Sources */,
				C44D1F54219AD64B001C7A6F /* AppDelegate.swift in Sources */,
			);
			runOnlyForDeploymentPostprocessing = 0;
		};
/* End PBXSourcesBuildPhase section */

/* Begin PBXVariantGroup section */
		C44D1F59219AD64B001C7A6F /* Main.storyboard */ = {
			isa = PBXVariantGroup;
			children = (
				C44D1F5A219AD64B001C7A6F /* Base */,
			);
			name = Main.storyboard;
			sourceTree = "<group>";
		};
		C44D1F5E219AD64C001C7A6F /* LaunchScreen.storyboard */ = {
			isa = PBXVariantGroup;
			children = (
				C44D1F5F219AD64C001C7A6F /* Base */,
			);
			name = LaunchScreen.storyboard;
			sourceTree = "<group>";
		};
/* End PBXVariantGroup section */

/* Begin XCBuildConfiguration section */
		C44D1F62219AD64C001C7A6F /* Debug */ = {
			isa = XCBuildConfiguration;
			buildSettings = {
				ALWAYS_SEARCH_USER_PATHS = NO;
				CLANG_ANALYZER_NONNULL = YES;
				CLANG_ANALYZER_NUMBER_OBJECT_CONVERSION = YES_AGGRESSIVE;
				CLANG_CXX_LANGUAGE_STANDARD = "gnu++14";
				CLANG_CXX_LIBRARY = "libc++";
				CLANG_ENABLE_MODULES = YES;
				CLANG_ENABLE_OBJC_ARC = YES;
				CLANG_ENABLE_OBJC_WEAK = YES;
				CLANG_WARN_BLOCK_CAPTURE_AUTORELEASING = YES;
				CLANG_WARN_BOOL_CONVERSION = YES;
				CLANG_WARN_COMMA = YES;
				CLANG_WARN_CONSTANT_CONVERSION = YES;
				CLANG_WARN_DEPRECATED_OBJC_IMPLEMENTATIONS = YES;
				CLANG_WARN_DIRECT_OBJC_ISA_USAGE = YES_ERROR;
				CLANG_WARN_DOCUMENTATION_COMMENTS = YES;
				CLANG_WARN_EMPTY_BODY = YES;
				CLANG_WARN_ENUM_CONVERSION = YES;
				CLANG_WARN_INFINITE_RECURSION = YES;
				CLANG_WARN_INT_CONVERSION = YES;
				CLANG_WARN_NON_LITERAL_NULL_CONVERSION = YES;
				CLANG_WARN_OBJC_IMPLICIT_RETAIN_SELF = YES;
				CLANG_WARN_OBJC_LITERAL_CONVERSION = YES;
				CLANG_WARN_OBJC_ROOT_CLASS = YES_ERROR;
				CLANG_WARN_RANGE_LOOP_ANALYSIS = YES;
				CLANG_WARN_STRICT_PROTOTYPES = YES;
				CLANG_WARN_SUSPICIOUS_MOVE = YES;
				CLANG_WARN_UNGUARDED_AVAILABILITY = YES_AGGRESSIVE;
				CLANG_WARN_UNREACHABLE_CODE = YES;
				CLANG_WARN__DUPLICATE_METHOD_MATCH = YES;
				CODE_SIGN_IDENTITY = "iPhone Developer";
				COPY_PHASE_STRIP = NO;
				DEBUG_INFORMATION_FORMAT = dwarf;
				ENABLE_STRICT_OBJC_MSGSEND = YES;
				ENABLE_TESTABILITY = YES;
				GCC_C_LANGUAGE_STANDARD = gnu11;
				GCC_DYNAMIC_NO_PIC = NO;
				GCC_NO_COMMON_BLOCKS = YES;
				GCC_OPTIMIZATION_LEVEL = 0;
				GCC_PREPROCESSOR_DEFINITIONS = (
					"DEBUG=1",
					"$(inherited)",
				);
				GCC_WARN_64_TO_32_BIT_CONVERSION = YES;
				GCC_WARN_ABOUT_RETURN_TYPE = YES_ERROR;
				GCC_WARN_UNDECLARED_SELECTOR = YES;
				GCC_WARN_UNINITIALIZED_AUTOS = YES_AGGRESSIVE;
				GCC_WARN_UNUSED_FUNCTION = YES;
				GCC_WARN_UNUSED_VARIABLE = YES;
				IPHONEOS_DEPLOYMENT_TARGET = 12.1;
				MTL_ENABLE_DEBUG_INFO = INCLUDE_SOURCE;
				MTL_FAST_MATH = YES;
				ONLY_ACTIVE_ARCH = YES;
				SDKROOT = iphoneos;
				SWIFT_ACTIVE_COMPILATION_CONDITIONS = DEBUG;
				SWIFT_OPTIMIZATION_LEVEL = "-Onone";
			};
			name = Debug;
		};
		C44D1F63219AD64C001C7A6F /* Release */ = {
			isa = XCBuildConfiguration;
			buildSettings = {
				ALWAYS_SEARCH_USER_PATHS = NO;
				CLANG_ANALYZER_NONNULL = YES;
				CLANG_ANALYZER_NUMBER_OBJECT_CONVERSION = YES_AGGRESSIVE;
				CLANG_CXX_LANGUAGE_STANDARD = "gnu++14";
				CLANG_CXX_LIBRARY = "libc++";
				CLANG_ENABLE_MODULES = YES;
				CLANG_ENABLE_OBJC_ARC = YES;
				CLANG_ENABLE_OBJC_WEAK = YES;
				CLANG_WARN_BLOCK_CAPTURE_AUTORELEASING = YES;
				CLANG_WARN_BOOL_CONVERSION = YES;
				CLANG_WARN_COMMA = YES;
				CLANG_WARN_CONSTANT_CONVERSION = YES;
				CLANG_WARN_DEPRECATED_OBJC_IMPLEMENTATIONS = YES;
				CLANG_WARN_DIRECT_OBJC_ISA_USAGE = YES_ERROR;
				CLANG_WARN_DOCUMENTATION_COMMENTS = YES;
				CLANG_WARN_EMPTY_BODY = YES;
				CLANG_WARN_ENUM_CONVERSION = YES;
				CLANG_WARN_INFINITE_RECURSION = YES;
				CLANG_WARN_INT_CONVERSION = YES;
				CLANG_WARN_NON_LITERAL_NULL_CONVERSION = YES;
				CLANG_WARN_OBJC_IMPLICIT_RETAIN_SELF = YES;
				CLANG_WARN_OBJC_LITERAL_CONVERSION = YES;
				CLANG_WARN_OBJC_ROOT_CLASS = YES_ERROR;
				CLANG_WARN_RANGE_LOOP_ANALYSIS = YES;
				CLANG_WARN_STRICT_PROTOTYPES = YES;
				CLANG_WARN_SUSPICIOUS_MOVE = YES;
				CLANG_WARN_UNGUARDED_AVAILABILITY = YES_AGGRESSIVE;
				CLANG_WARN_UNREACHABLE_CODE = YES;
				CLANG_WARN__DUPLICATE_METHOD_MATCH = YES;
				CODE_SIGN_IDENTITY = "iPhone Developer";
				COPY_PHASE_STRIP = NO;
				DEBUG_INFORMATION_FORMAT = "dwarf-with-dsym";
				ENABLE_NS_ASSERTIONS = NO;
				ENABLE_STRICT_OBJC_MSGSEND = YES;
				GCC_C_LANGUAGE_STANDARD = gnu11;
				GCC_NO_COMMON_BLOCKS = YES;
				GCC_WARN_64_TO_32_BIT_CONVERSION = YES;
				GCC_WARN_ABOUT_RETURN_TYPE = YES_ERROR;
				GCC_WARN_UNDECLARED_SELECTOR = YES;
				GCC_WARN_UNINITIALIZED_AUTOS = YES_AGGRESSIVE;
				GCC_WARN_UNUSED_FUNCTION = YES;
				GCC_WARN_UNUSED_VARIABLE = YES;
				IPHONEOS_DEPLOYMENT_TARGET = 12.1;
				MTL_ENABLE_DEBUG_INFO = NO;
				MTL_FAST_MATH = YES;
				SDKROOT = iphoneos;
				SWIFT_COMPILATION_MODE = wholemodule;
				SWIFT_OPTIMIZATION_LEVEL = "-O";
				VALIDATE_PRODUCT = YES;
			};
			name = Release;
		};
		C44D1F65219AD64C001C7A6F /* Debug */ = {
			isa = XCBuildConfiguration;
			buildSettings = {
				ASSETCATALOG_COMPILER_APPICON_NAME = AppIcon;
				CODE_SIGN_STYLE = Automatic;
				DEVELOPMENT_TEAM = Z93WMUHRK7;
				INFOPLIST_FILE = AR_MagicPaper/Info.plist;
				LD_RUNPATH_SEARCH_PATHS = (
					"$(inherited)",
					"@executable_path/Frameworks",
				);
				PRODUCT_BUNDLE_IDENTIFIER = "com.apptweaker.AR-MagicPaper";
				PRODUCT_NAME = "$(TARGET_NAME)";
				SWIFT_VERSION = 4.2;
				TARGETED_DEVICE_FAMILY = "1,2";
			};
			name = Debug;
		};
		C44D1F66219AD64C001C7A6F /* Release */ = {
			isa = XCBuildConfiguration;
			buildSettings = {
				ASSETCATALOG_COMPILER_APPICON_NAME = AppIcon;
				CODE_SIGN_STYLE = Automatic;
				DEVELOPMENT_TEAM = Z93WMUHRK7;
				INFOPLIST_FILE = AR_MagicPaper/Info.plist;
				LD_RUNPATH_SEARCH_PATHS = (
					"$(inherited)",
					"@executable_path/Frameworks",
				);
				PRODUCT_BUNDLE_IDENTIFIER = "com.apptweaker.AR-MagicPaper";
				PRODUCT_NAME = "$(TARGET_NAME)";
				SWIFT_VERSION = 4.2;
				TARGETED_DEVICE_FAMILY = "1,2";
			};
			name = Release;
		};
/* End XCBuildConfiguration section */

/* Begin XCConfigurationList section */
		C44D1F4B219AD64B001C7A6F /* Build configuration list for PBXProject "AR_MagicPaper" */ = {
			isa = XCConfigurationList;
			buildConfigurations = (
				C44D1F62219AD64C001C7A6F /* Debug */,
				C44D1F63219AD64C001C7A6F /* Release */,
			);
			defaultConfigurationIsVisible = 0;
			defaultConfigurationName = Release;
		};
		C44D1F64219AD64C001C7A6F /* Build configuration list for PBXNativeTarget "AR_MagicPaper" */ = {
			isa = XCConfigurationList;
			buildConfigurations = (
				C44D1F65219AD64C001C7A6F /* Debug */,
				C44D1F66219AD64C001C7A6F /* Release */,
			);
			defaultConfigurationIsVisible = 0;
			defaultConfigurationName = Release;
		};
/* End XCConfigurationList section */
	};
	rootObject = C44D1F48219AD64B001C7A6F /* Project object */;
}
